
Microsoft Visual Studio Solution File, Format Version 12.00
# Visual Studio Version 17
VisualStudioVersion = 17.5.002.0
MinimumVisualStudioVersion = 10.0.40219.1
Project("{2150E333-8FDC-42A3-9474-1A3956D46DE8}") = "src", "src", "{8C702C3B-8000-4E8F-8A18-1714832668EF}"
EndProject
Project("{9A19103F-16F7-4668-BE54-9A1E7A4F7556}") = "Play.Catalog.Service", "src\Play.Catalog.Service\Play.Catalog.Service.csproj", "{98D840C2-9896-4CB2-988E-E7AF8D8E1F0E}"
EndProject
Global
	GlobalSection(SolutionConfigurationPlatforms) = preSolution
		Debug|Any CPU = Debug|Any CPU
		Release|Any CPU = Release|Any CPU
	EndGlobalSection
	GlobalSection(ProjectConfigurationPlatforms) = postSolution
		{98D840C2-9896-4CB2-988E-E7AF8D8E1F0E}.Debug|Any CPU.ActiveCfg = Debug|Any CPU
		{98D840C2-9896-4CB2-988E-E7AF8D8E1F0E}.Debug|Any CPU.Build.0 = Debug|Any CPU
		{98D840C2-9896-4CB2-988E-E7AF8D8E1F0E}.Release|Any CPU.ActiveCfg = Release|Any CPU
		{98D840C2-9896-4CB2-988E-E7AF8D8E1F0E}.Release|Any CPU.Build.0 = Release|Any CPU
	EndGlobalSection
	GlobalSection(SolutionProperties) = preSolution
		HideSolutionNode = FALSE
	EndGlobalSection
	GlobalSection(NestedProjects) = preSolution
		{98D840C2-9896-4CB2-988E-E7AF8D8E1F0E} = {8C702C3B-8000-4E8F-8A18-1714832668EF}
	EndGlobalSection
	GlobalSection(ExtensibilityGlobals) = postSolution
		SolutionGuid = {98F03B27-785F-4F14-A795-C69278A512DC}
	EndGlobalSection
EndGlobal
